# THIS IS AN AUTOGENERATED FILE. DO NOT EDIT THIS FILE DIRECTLY.
# yarn lockfile v1


google-protobuf@^3.11.2:
  version "3.21.2"
  resolved "https://registry.yarnpkg.com/google-protobuf/-/google-protobuf-3.21.2.tgz#4580a2bea8bbb291ee579d1fefb14d6fa3070ea4"
  integrity sha512-3MSOYFO5U9mPGikIYCzK0SaThypfGgS6bHqrUGXG3DPHCrb+txNqeEcns1W0lkGfk0rCyNXm7xB9rMxnCiZOoA==

nats@^1.4.9:
  version "1.4.12"
  resolved "https://registry.yarnpkg.com/nats/-/nats-1.4.12.tgz#11a988d5041d95dfb1b6ac1e37c0cfb57b171579"
  integrity sha512-Jf4qesEF0Ay0D4AMw3OZnKMRTQm+6oZ5q8/m4gpy5bTmiDiK6wCXbZpzEslmezGpE93LV3RojNEG6dpK/mysLQ==
  dependencies:
    nuid "^1.1.4"
    ts-nkeys "^1.0.16"

node-nats-streaming@^0.3.2:
  version "0.3.2"
  resolved "https://registry.yarnpkg.com/node-nats-streaming/-/node-nats-streaming-0.3.2.tgz#a6d1b77eae837495856893f573e3d78184b39833"
  integrity sha512-exeT+FwGYW3UbBSzu8a7ykwWoY6R/vjQLr1RoZ1gnoJ9F66WVvpMZQWCZzLxlf9XRpJTTygcp6P1+WRw9h07Sg==
  dependencies:
    google-protobuf "^3.11.2"
    nats "^1.4.9"
    nuid "^1.1.4"

nuid@^1.1.4:
  version "1.1.6"
  resolved "https://registry.yarnpkg.com/nuid/-/nuid-1.1.6.tgz#a3b5a1df155f6615fed1dbd39ad3dbf9d2e0b82b"
  integrity sha512-Eb3CPCupYscP1/S1FQcO5nxtu6l/F3k0MQ69h7f5osnsemVk5pkc8/5AyalVT+NCfra9M71U8POqF6EZa6IHvg==

ts-nkeys@^1.0.16:
  version "1.0.16"
  resolved "https://registry.yarnpkg.com/ts-nkeys/-/ts-nkeys-1.0.16.tgz#b0c6e7c4f16f976c7e7ddb6982fc789a2f971248"
  integrity sha512-1qrhAlavbm36wtW+7NtKOgxpzl+70NTF8xlz9mEhiA5zHMlMxjj3sEVKWm3pGZhHXE0Q3ykjrj+OSRVaYw+Dqg==
  dependencies:
    tweetnacl "^1.0.3"

tweetnacl@^1.0.3:
  version "1.0.3"
  resolved "https://registry.yarnpkg.com/tweetnacl/-/tweetnacl-1.0.3.tgz#ac0af71680458d8a6378d0d0d050ab1407d35596"
  integrity sha512-6rt+RN7aOi1nGMyC4Xa5DdYiukl2UWCbcJft7YhxReBGQD7OAM8Pbxw6YMo4r2diNEA8FEmu32YOn9rhaiE5yw==
